lockfileVersion: '6.0'

settings:
  autoInstallPeers: true
  excludeLinksFromLockfile: false

devDependencies:
  tinybench:
    specifier: ^2.5.1
    version: 2.5.1

packages:

  /tinybench@2.5.1:
    resolution: {integrity: sha512-65NKvSuAVDP/n4CqH+a9w2kTlLReS9vhsAP06MWx+/89nMinJyB2icyl58RIcqCmIggpojIGeuJGhjU1aGMBSg==}
    dev: true
